
Microsoft Visual Studio Solution File, Format Version 12.00
# Visual Studio Version 17
VisualStudioVersion = 17.0.31717.71
MinimumVisualStudioVersion = 10.0.40219.1
Project("{FAE04EC0-301F-11D3-BF4B-00C04F79EFBC}") = "CallieCam", "CallieCam\CallieCam.csproj", "{65CEA9A6-2007-48FF-ABEF-31DEFDC2E296}"
EndProject
Global
	GlobalSection(SolutionConfigurationPlatforms) = preSolution
		Debug|Any CPU = Debug|Any CPU
		Release|Any CPU = Release|Any CPU
	EndGlobalSection
	GlobalSection(ProjectConfigurationPlatforms) = postSolution
		{65CEA9A6-2007-48FF-ABEF-31DEFDC2E296}.Debug|Any CPU.ActiveCfg = Debug|Any CPU
		{65CEA9A6-2007-48FF-ABEF-31DEFDC2E296}.Debug|Any CPU.Build.0 = Debug|Any CPU
		{65CEA9A6-2007-48FF-ABEF-31DEFDC2E296}.Release|Any CPU.ActiveCfg = Release|Any CPU
		{65CEA9A6-2007-48FF-ABEF-31DEFDC2E296}.Release|Any CPU.Build.0 = Release|Any CPU
	EndGlobalSection
	GlobalSection(SolutionProperties) = preSolution
		HideSolutionNode = FALSE
	EndGlobalSection
	GlobalSection(ExtensibilityGlobals) = postSolution
		SolutionGuid = {493DE98A-3EDD-45F2-93D1-4A3696139B5F}
	EndGlobalSection
EndGlobal
